<?xml version="1.0" encoding="utf-8"?>
<Project ToolsVersion="4.0" xmlns="http://schemas.microsoft.com/developer/msbuild/2003">
  <ItemGroup>
    <Filter Include="Source Files">
      <UniqueIdentifier>{4FC737F1-C7A5-4376-A066-2A32D752A2FF}</UniqueIdentifier>
      <Extensions>cpp;c;cc;cxx;c++;cppm;ixx;def;odl;idl;hpj;bat;asm;asmx</Extensions>
    </Filter>
    <Filter Include="Header Files">
      <UniqueIdentifier>{93995380-89BD-4b04-88EB-625FBE52EBFB}</UniqueIdentifier>
      <Extensions>h;hh;hpp;hxx;h++;hm;inl;inc;ipp;xsd</Extensions>
    </Filter>
    <Filter Include="Header Files\util">
      <UniqueIdentifier>{629a8831-90f4-45bf-930b-611cbeb29a87}</UniqueIdentifier>
    </Filter>
    <Filter Include="Header Files\SDK">
      <UniqueIdentifier>{1478dd5e-5a03-4e3a-a838-10054940d962}</UniqueIdentifier>
    </Filter>
    <Filter Include="Source Files\util">
      <UniqueIdentifier>{97d5f2a0-bc6a-409f-a8bb-c0401eb73cbf}</UniqueIdentifier>
    </Filter>
    <Filter Include="Source Files\SDK">
      <UniqueIdentifier>{6036d042-aff7-47ce-891d-9f910e69937b}</UniqueIdentifier>
    </Filter>
    <Filter Include="Header Files\Rendering">
      <UniqueIdentifier>{b105e34e-288a-4bc5-b10e-e96d93c516d3}</UniqueIdentifier>
    </Filter>
    <Filter Include="Source Files\Rendering">
      <UniqueIdentifier>{db2e94af-f2ab-420f-99e6-83d2145079dc}</UniqueIdentifier>
    </Filter>
    <Filter Include="Header Files\ImGui">
      <UniqueIdentifier>{69624121-f5f0-44d2-a599-cb2106932686}</UniqueIdentifier>
    </Filter>
    <Filter Include="Header Files\Rendering\RawData">
      <UniqueIdentifier>{49f06277-5f0e-4069-a9a2-f6ad4f389afb}</UniqueIdentifier>
    </Filter>
    <Filter Include="Header Files\Features">
      <UniqueIdentifier>{cdeef55c-48d6-4275-9df8-2271b2776293}</UniqueIdentifier>
    </Filter>
    <Filter Include="Source Files\Features">
      <UniqueIdentifier>{09e67a6a-6836-4507-85a2-b8b0a782c219}</UniqueIdentifier>
    </Filter>
    <Filter Include="Menu">
      <UniqueIdentifier>{6fe60189-b60c-4615-88c2-9c9ff3eb6991}</UniqueIdentifier>
    </Filter>
  </ItemGroup>
  <ItemGroup>
    <ClCompile Include="main.cpp">
      <Filter>Source Files</Filter>
    </ClCompile>
    <ClCompile Include="process.cpp">
      <Filter>Source Files\util</Filter>
    </ClCompile>
    <ClCompile Include="communication.cpp">
      <Filter>Source Files\util</Filter>
    </ClCompile>
    <ClCompile Include="client.cpp">
      <Filter>Source Files</Filter>
    </ClCompile>
    <ClCompile Include="address.cpp">
      <Filter>Source Files\util</Filter>
    </ClCompile>
    <ClCompile Include="world.cpp">
      <Filter>Source Files\SDK</Filter>
    </ClCompile>
    <ClCompile Include="dlc manager.cpp">
      <Filter>Source Files\SDK</Filter>
    </ClCompile>
    <ClCompile Include="entities.cpp">
      <Filter>Source Files\SDK</Filter>
    </ClCompile>
    <ClCompile Include="math.cpp">
      <Filter>Source Files\util</Filter>
    </ClCompile>
    <ClCompile Include="arma string.cpp">
      <Filter>Source Files\SDK</Filter>
    </ClCompile>
    <ClCompile Include="network manager.cpp">
      <Filter>Source Files\SDK</Filter>
    </ClCompile>
    <ClCompile Include="landscape.cpp">
      <Filter>Source Files\SDK</Filter>
    </ClCompile>
    <ClCompile Include="visual state.cpp">
      <Filter>Source Files\SDK</Filter>
    </ClCompile>
    <ClCompile Include="realplayer.cpp">
      <Filter>Source Files\SDK</Filter>
    </ClCompile>
    <ClCompile Include="camera angles.cpp">
      <Filter>Source Files\SDK</Filter>
    </ClCompile>
    <ClCompile Include="dx11engine.cpp">
      <Filter>Source Files\SDK</Filter>
    </ClCompile>
    <ClCompile Include="camera.cpp">
      <Filter>Source Files\SDK</Filter>
    </ClCompile>
    <ClCompile Include="rendering.cpp">
      <Filter>Source Files\Rendering</Filter>
    </ClCompile>
    <ClCompile Include="imgui_draw.cpp">
      <Filter>Header Files\ImGui</Filter>
    </ClCompile>
    <ClCompile Include="imgui_impl_dx11.cpp">
      <Filter>Header Files\ImGui</Filter>
    </ClCompile>
    <ClCompile Include="imgui_impl_win32.cpp">
      <Filter>Header Files\ImGui</Filter>
    </ClCompile>
    <ClCompile Include="imgui_tables.cpp">
      <Filter>Header Files\ImGui</Filter>
    </ClCompile>
    <ClCompile Include="imgui_widgets.cpp">
      <Filter>Header Files\ImGui</Filter>
    </ClCompile>
    <ClCompile Include="imgui.cpp">
      <Filter>Header Files\ImGui</Filter>
    </ClCompile>
    <ClCompile Include="imgui_demo.cpp">
      <Filter>Header Files\ImGui</Filter>
    </ClCompile>
    <ClCompile Include="entitylist.cpp">
      <Filter>Source Files\SDK</Filter>
    </ClCompile>
    <ClCompile Include="visuals.cpp">
      <Filter>Source Files\Features</Filter>
    </ClCompile>
    <ClCompile Include="movestype.cpp">
      <Filter>Source Files\SDK</Filter>
    </ClCompile>
    <ClCompile Include="moveinfo.cpp">
      <Filter>Source Files\SDK</Filter>
    </ClCompile>
    <ClCompile Include="actionmap.cpp">
      <Filter>Source Files\SDK</Filter>
    </ClCompile>
    <ClCompile Include="entity type.cpp">
      <Filter>Source Files\SDK</Filter>
    </ClCompile>
    <ClCompile Include="weapon_type.cpp">
      <Filter>Source Files\SDK</Filter>
    </ClCompile>
    <ClCompile Include="aimbot.cpp">
      <Filter>Source Files\Features</Filter>
    </ClCompile>
    <ClCompile Include="muzzle_state.cpp">
      <Filter>Source Files\SDK</Filter>
    </ClCompile>
    <ClCompile Include="muzzle_type.cpp">
      <Filter>Source Files\SDK</Filter>
    </ClCompile>
    <ClCompile Include="weapon.cpp">
      <Filter>Source Files\SDK</Filter>
    </ClCompile>
    <ClCompile Include="weapon_mode.cpp">
      <Filter>Source Files\SDK</Filter>
    </ClCompile>
    <ClCompile Include="ammo_type.cpp">
      <Filter>Source Files\SDK</Filter>
    </ClCompile>
    <ClCompile Include="magazine_type.cpp">
      <Filter>Source Files\SDK</Filter>
    </ClCompile>
    <ClCompile Include="magazine.cpp">
      <Filter>Source Files\SDK</Filter>
    </ClCompile>
    <ClCompile Include="configbox.cpp">
      <Filter>Menu</Filter>
    </ClCompile>
    <ClCompile Include="dropdown.cpp">
      <Filter>Menu</Filter>
    </ClCompile>
    <ClCompile Include="element.cpp">
      <Filter>Menu</Filter>
    </ClCompile>
    <ClCompile Include="group.cpp">
      <Filter>Menu</Filter>
    </ClCompile>
    <ClCompile Include="button.cpp">
      <Filter>Menu</Filter>
    </ClCompile>
    <ClCompile Include="callbacks.cpp">
      <Filter>Menu</Filter>
    </ClCompile>
    <ClCompile Include="checkbox.cpp">
      <Filter>Menu</Filter>
    </ClCompile>
    <ClCompile Include="colourpicker.cpp">
      <Filter>Menu</Filter>
    </ClCompile>
    <ClCompile Include="input.cpp">
      <Filter>Menu</Filter>
    </ClCompile>
    <ClCompile Include="keybind.cpp">
      <Filter>Menu</Filter>
    </ClCompile>
    <ClCompile Include="menu.cpp">
      <Filter>Menu</Filter>
    </ClCompile>
    <ClCompile Include="multidropdown.cpp">
      <Filter>Menu</Filter>
    </ClCompile>
    <ClCompile Include="render.cpp">
      <Filter>Menu</Filter>
    </ClCompile>
    <ClCompile Include="selectionbox.cpp">
      <Filter>Menu</Filter>
    </ClCompile>
    <ClCompile Include="settings.cpp">
      <Filter>Menu</Filter>
    </ClCompile>
    <ClCompile Include="slider.cpp">
      <Filter>Menu</Filter>
    </ClCompile>
    <ClCompile Include="tab.cpp">
      <Filter>Menu</Filter>
    </ClCompile>
    <ClCompile Include="text.cpp">
      <Filter>Menu</Filter>
    </ClCompile>
    <ClCompile Include="textbox.cpp">
      <Filter>Menu</Filter>
    </ClCompile>
    <ClCompile Include="util.cpp">
      <Filter>Source Files\util</Filter>
    </ClCompile>
  </ItemGroup>
  <ItemGroup>
    <ClInclude Include="includes.h">
      <Filter>Header Files</Filter>
    </ClInclude>
    <ClInclude Include="reversals.h">
      <Filter>Header Files\SDK</Filter>
    </ClInclude>
    <ClInclude Include="world.h">
      <Filter>Header Files\SDK</Filter>
    </ClInclude>
    <ClInclude Include="process.h">
      <Filter>Header Files\util</Filter>
    </ClInclude>
    <ClInclude Include="xorstring.h">
      <Filter>Header Files\util</Filter>
    </ClInclude>
    <ClInclude Include="communication.h">
      <Filter>Header Files\util</Filter>
    </ClInclude>
    <ClInclude Include="client.h">
      <Filter>Header Files</Filter>
    </ClInclude>
    <ClInclude Include="address.h">
      <Filter>Header Files\util</Filter>
    </ClInclude>
    <ClInclude Include="base class.h">
      <Filter>Header Files\SDK</Filter>
    </ClInclude>
    <ClInclude Include="list.h">
      <Filter>Header Files\SDK</Filter>
    </ClInclude>
    <ClInclude Include="dlc manager.h">
      <Filter>Header Files\SDK</Filter>
    </ClInclude>
    <ClInclude Include="util.h">
      <Filter>Header Files\util</Filter>
    </ClInclude>
    <ClInclude Include="entities.h">
      <Filter>Header Files\SDK</Filter>
    </ClInclude>
    <ClInclude Include="visual state.h">
      <Filter>Header Files\SDK</Filter>
    </ClInclude>
    <ClInclude Include="entity type.h">
      <Filter>Header Files\SDK</Filter>
    </ClInclude>
    <ClInclude Include="math.h">
      <Filter>Header Files\util</Filter>
    </ClInclude>
    <ClInclude Include="arma string.h">
      <Filter>Header Files\SDK</Filter>
    </ClInclude>
    <ClInclude Include="network manager.h">
      <Filter>Header Files\SDK</Filter>
    </ClInclude>
    <ClInclude Include="landscape.h">
      <Filter>Header Files\SDK</Filter>
    </ClInclude>
    <ClInclude Include="realplayer.h">
      <Filter>Header Files\SDK</Filter>
    </ClInclude>
    <ClInclude Include="camera angles.h">
      <Filter>Header Files\SDK</Filter>
    </ClInclude>
    <ClInclude Include="dx11engine.h">
      <Filter>Header Files\SDK</Filter>
    </ClInclude>
    <ClInclude Include="camera.h">
      <Filter>Header Files\SDK</Filter>
    </ClInclude>
    <ClInclude Include="rendering.h">
      <Filter>Header Files\Rendering</Filter>
    </ClInclude>
    <ClInclude Include="imgui_impl_dx11.h">
      <Filter>Header Files\ImGui</Filter>
    </ClInclude>
    <ClInclude Include="imgui_impl_win32.h">
      <Filter>Header Files\ImGui</Filter>
    </ClInclude>
    <ClInclude Include="imgui_internal.h">
      <Filter>Header Files\ImGui</Filter>
    </ClInclude>
    <ClInclude Include="imstb_rectpack.h">
      <Filter>Header Files\ImGui</Filter>
    </ClInclude>
    <ClInclude Include="imstb_textedit.h">
      <Filter>Header Files\ImGui</Filter>
    </ClInclude>
    <ClInclude Include="imstb_truetype.h">
      <Filter>Header Files\ImGui</Filter>
    </ClInclude>
    <ClInclude Include="imconfig.h">
      <Filter>Header Files\ImGui</Filter>
    </ClInclude>
    <ClInclude Include="imgui.h">
      <Filter>Header Files\ImGui</Filter>
    </ClInclude>
    <ClInclude Include="raw data.h">
      <Filter>Header Files\Rendering\RawData</Filter>
    </ClInclude>
    <ClInclude Include="entitylist.h">
      <Filter>Header Files\SDK</Filter>
    </ClInclude>
    <ClInclude Include="visuals.h">
      <Filter>Header Files\Features</Filter>
    </ClInclude>
    <ClInclude Include="movestype.h">
      <Filter>Header Files\SDK</Filter>
    </ClInclude>
    <ClInclude Include="moveinfo.h">
      <Filter>Header Files\SDK</Filter>
    </ClInclude>
    <ClInclude Include="actionmap.h">
      <Filter>Header Files\SDK</Filter>
    </ClInclude>
    <ClInclude Include="weapon_type.h">
      <Filter>Header Files\SDK</Filter>
    </ClInclude>
    <ClInclude Include="aimbot.h">
      <Filter>Header Files\Features</Filter>
    </ClInclude>
    <ClInclude Include="muzzle_state.h">
      <Filter>Header Files\SDK</Filter>
    </ClInclude>
    <ClInclude Include="muzzle_type.h">
      <Filter>Header Files\SDK</Filter>
    </ClInclude>
    <ClInclude Include="weapon.h">
      <Filter>Header Files\SDK</Filter>
    </ClInclude>
    <ClInclude Include="weapon_mode.h">
      <Filter>Header Files\SDK</Filter>
    </ClInclude>
    <ClInclude Include="magazine_type.h">
      <Filter>Header Files\SDK</Filter>
    </ClInclude>
    <ClInclude Include="magazine.h">
      <Filter>Header Files\SDK</Filter>
    </ClInclude>
    <ClInclude Include="ammo_type.h">
      <Filter>Header Files\SDK</Filter>
    </ClInclude>
    <ClInclude Include="configbox.h">
      <Filter>Menu</Filter>
    </ClInclude>
    <ClInclude Include="dropdown.h">
      <Filter>Menu</Filter>
    </ClInclude>
    <ClInclude Include="element.h">
      <Filter>Menu</Filter>
    </ClInclude>
    <ClInclude Include="group.h">
      <Filter>Menu</Filter>
    </ClInclude>
    <ClInclude Include="button.h">
      <Filter>Menu</Filter>
    </ClInclude>
    <ClInclude Include="callbacks.h">
      <Filter>Menu</Filter>
    </ClInclude>
    <ClInclude Include="checkbox.h">
      <Filter>Menu</Filter>
    </ClInclude>
    <ClInclude Include="colourpicker.h">
      <Filter>Menu</Filter>
    </ClInclude>
    <ClInclude Include="input.h">
      <Filter>Menu</Filter>
    </ClInclude>
    <ClInclude Include="keybind.h">
      <Filter>Menu</Filter>
    </ClInclude>
    <ClInclude Include="menu.h">
      <Filter>Menu</Filter>
    </ClInclude>
    <ClInclude Include="multidropdown.h">
      <Filter>Menu</Filter>
    </ClInclude>
    <ClInclude Include="render.h">
      <Filter>Menu</Filter>
    </ClInclude>
    <ClInclude Include="selectionbox.h">
      <Filter>Menu</Filter>
    </ClInclude>
    <ClInclude Include="settings.h">
      <Filter>Menu</Filter>
    </ClInclude>
    <ClInclude Include="slider.h">
      <Filter>Menu</Filter>
    </ClInclude>
    <ClInclude Include="tab.h">
      <Filter>Menu</Filter>
    </ClInclude>
    <ClInclude Include="text.h">
      <Filter>Menu</Filter>
    </ClInclude>
    <ClInclude Include="textbox.h">
      <Filter>Menu</Filter>
    </ClInclude>
  </ItemGroup>
</Project>